Microsoft Visual Studio Solution File, Format Version 12.00
# Visual Studio 15
VisualStudioVersion = 15.0.26403.7
MinimumVisualStudioVersion = 10.0.40219.1
Project("{2150E333-8FDC-42A3-9474-1A3956D46DE8}") = "Meta", "Meta", "{404EC3DC-573A-4F78-B606-F6857BD47885}"
EndProject
Project("{2150E333-8FDC-42A3-9474-1A3956D46DE8}") = "Build", "Build", "{7A7F9514-C48D-4521-9A8F-165DF39B23F7}"
	ProjectSection(SolutionItems) = preProject
		build.cmd = build.cmd
		build\build.props = build\build.props
	EndProjectSection
EndProject
Project("{9A19103F-16F7-4668-BE54-9A1E7A4F7556}") = "Csg.Data", "Csg.Data\Csg.Data.csproj", "{533F4E01-AA6B-449D-B57D-D6FBCAEDA1B2}"
EndProject
Project("{9A19103F-16F7-4668-BE54-9A1E7A4F7556}") = "Csg.Data.Sql.Tests", "Csg.Data.Sql.Tests\Csg.Data.Sql.Tests.csproj", "{B2A29C94-1811-4817-BFB4-9CDC8D970491}"
EndProject
Global
	GlobalSection(SolutionConfigurationPlatforms) = preSolution
		Debug|Any CPU = Debug|Any CPU
		Debug|Mixed Platforms = Debug|Mixed Platforms
		Debug|x86 = Debug|x86
		Release|Any CPU = Release|Any CPU
		Release|Mixed Platforms = Release|Mixed Platforms
		Release|x86 = Release|x86
		Release40|Any CPU = Release40|Any CPU
		Release40|Mixed Platforms = Release40|Mixed Platforms
		Release40|x86 = Release40|x86
	EndGlobalSection
	GlobalSection(ProjectConfigurationPlatforms) = postSolution
		{533F4E01-AA6B-449D-B57D-D6FBCAEDA1B2}.Debug|Any CPU.ActiveCfg = Debug|Any CPU
		{533F4E01-AA6B-449D-B57D-D6FBCAEDA1B2}.Debug|Any CPU.Build.0 = Debug|Any CPU
		{533F4E01-AA6B-449D-B57D-D6FBCAEDA1B2}.Debug|Mixed Platforms.ActiveCfg = Debug|Any CPU
		{533F4E01-AA6B-449D-B57D-D6FBCAEDA1B2}.Debug|Mixed Platforms.Build.0 = Debug|Any CPU
		{533F4E01-AA6B-449D-B57D-D6FBCAEDA1B2}.Debug|x86.ActiveCfg = Debug|Any CPU
		{533F4E01-AA6B-449D-B57D-D6FBCAEDA1B2}.Debug|x86.Build.0 = Debug|Any CPU
		{533F4E01-AA6B-449D-B57D-D6FBCAEDA1B2}.Release|Any CPU.ActiveCfg = Release|Any CPU
		{533F4E01-AA6B-449D-B57D-D6FBCAEDA1B2}.Release|Any CPU.Build.0 = Release|Any CPU
		{533F4E01-AA6B-449D-B57D-D6FBCAEDA1B2}.Release|Mixed Platforms.ActiveCfg = Release|Any CPU
		{533F4E01-AA6B-449D-B57D-D6FBCAEDA1B2}.Release|Mixed Platforms.Build.0 = Release|Any CPU
		{533F4E01-AA6B-449D-B57D-D6FBCAEDA1B2}.Release|x86.ActiveCfg = Release|Any CPU
		{533F4E01-AA6B-449D-B57D-D6FBCAEDA1B2}.Release|x86.Build.0 = Release|Any CPU
		{533F4E01-AA6B-449D-B57D-D6FBCAEDA1B2}.Release40|Any CPU.ActiveCfg = Release|Any CPU
		{533F4E01-AA6B-449D-B57D-D6FBCAEDA1B2}.Release40|Any CPU.Build.0 = Release|Any CPU
		{533F4E01-AA6B-449D-B57D-D6FBCAEDA1B2}.Release40|Mixed Platforms.ActiveCfg = Release|Any CPU
		{533F4E01-AA6B-449D-B57D-D6FBCAEDA1B2}.Release40|Mixed Platforms.Build.0 = Release|Any CPU
		{533F4E01-AA6B-449D-B57D-D6FBCAEDA1B2}.Release40|x86.ActiveCfg = Release|Any CPU
		{533F4E01-AA6B-449D-B57D-D6FBCAEDA1B2}.Release40|x86.Build.0 = Release|Any CPU
		{B2A29C94-1811-4817-BFB4-9CDC8D970491}.Debug|Any CPU.ActiveCfg = Debug|Any CPU
		{B2A29C94-1811-4817-BFB4-9CDC8D970491}.Debug|Any CPU.Build.0 = Debug|Any CPU
		{B2A29C94-1811-4817-BFB4-9CDC8D970491}.Debug|Mixed Platforms.ActiveCfg = Debug|Any CPU
		{B2A29C94-1811-4817-BFB4-9CDC8D970491}.Debug|Mixed Platforms.Build.0 = Debug|Any CPU
		{B2A29C94-1811-4817-BFB4-9CDC8D970491}.Debug|x86.ActiveCfg = Debug|Any CPU
		{B2A29C94-1811-4817-BFB4-9CDC8D970491}.Debug|x86.Build.0 = Debug|Any CPU
		{B2A29C94-1811-4817-BFB4-9CDC8D970491}.Release|Any CPU.ActiveCfg = Release|Any CPU
		{B2A29C94-1811-4817-BFB4-9CDC8D970491}.Release|Any CPU.Build.0 = Release|Any CPU
		{B2A29C94-1811-4817-BFB4-9CDC8D970491}.Release|Mixed Platforms.ActiveCfg = Release|Any CPU
		{B2A29C94-1811-4817-BFB4-9CDC8D970491}.Release|Mixed Platforms.Build.0 = Release|Any CPU
		{B2A29C94-1811-4817-BFB4-9CDC8D970491}.Release|x86.ActiveCfg = Release|Any CPU
		{B2A29C94-1811-4817-BFB4-9CDC8D970491}.Release|x86.Build.0 = Release|Any CPU
		{B2A29C94-1811-4817-BFB4-9CDC8D970491}.Release40|Any CPU.ActiveCfg = Release|Any CPU
		{B2A29C94-1811-4817-BFB4-9CDC8D970491}.Release40|Any CPU.Build.0 = Release|Any CPU
		{B2A29C94-1811-4817-BFB4-9CDC8D970491}.Release40|Mixed Platforms.ActiveCfg = Release|Any CPU
		{B2A29C94-1811-4817-BFB4-9CDC8D970491}.Release40|Mixed Platforms.Build.0 = Release|Any CPU
		{B2A29C94-1811-4817-BFB4-9CDC8D970491}.Release40|x86.ActiveCfg = Release|Any CPU
		{B2A29C94-1811-4817-BFB4-9CDC8D970491}.Release40|x86.Build.0 = Release|Any CPU
	EndGlobalSection
	GlobalSection(SolutionProperties) = preSolution
		HideSolutionNode = FALSE
	EndGlobalSection
	GlobalSection(TestCaseManagementSettings) = postSolution
		CategoryFile = Csg.Core.vsmdi
	EndGlobalSection
EndGlobal
